
Microsoft Visual Studio Solution File, Format Version 12.00
# Visual Studio Version 16
VisualStudioVersion = 16.0.32228.343
MinimumVisualStudioVersion = 10.0.40219.1
Project("{8BC9CEB8-8B4A-11D0-8D11-00A0C91BC942}") = "FrameWork_03", "FrameWork_03\FrameWork_03.vcxproj", "{3BA0D9A2-3996-4BE0-BB76-53F45F66CF09}"
EndProject
Global
	GlobalSection(SolutionConfigurationPlatforms) = preSolution
		Debug|x86 = Debug|x86
		Release|x86 = Release|x86
	EndGlobalSection
	GlobalSection(ProjectConfigurationPlatforms) = postSolution
		{3BA0D9A2-3996-4BE0-BB76-53F45F66CF09}.Debug|x86.ActiveCfg = Debug|Win32
		{3BA0D9A2-3996-4BE0-BB76-53F45F66CF09}.Debug|x86.Build.0 = Debug|Win32
		{3BA0D9A2-3996-4BE0-BB76-53F45F66CF09}.Release|x86.ActiveCfg = Release|Win32
		{3BA0D9A2-3996-4BE0-BB76-53F45F66CF09}.Release|x86.Build.0 = Release|Win32
	EndGlobalSection
	GlobalSection(SolutionProperties) = preSolution
		HideSolutionNode = FALSE
	EndGlobalSection
	GlobalSection(ExtensibilityGlobals) = postSolution
		SolutionGuid = {633CCC94-7282-4527-8903-1A419AC760E1}
	EndGlobalSection
EndGlobal
